github.com/go-sql-driver/mysql v1.5.0 h1:ozyZYNQW3x3HtqT1jira07DN2PArx2v7/mN66gGcHOs=
github.com/go-sql-driver/mysql v1.5.0/go.mod h1:DCzpHaOWr8IXmIStZouvnhqoel9Qv2LBy8hT2VhHyBg=
github.com/xooooooox/arc v0.0.0-20200129101038-20435b8df579 h1:SQC7wRa7MT2KN1D7ku9lSG5YrmA/g7GJU3eoiwdkUQs=
github.com/xooooooox/arc v0.0.0-20200129101038-20435b8df579/go.mod h1:+KzPWJ3c1UZ3cP9ePFVJmHM3fNP8h9M9Tlmz+imbw3w=
github.com/xooooooox/arm v0.0.0-20200129093400-5ba4270b16f0 h1:stElpTWL2jPO2gA/G9sqv1qSGT8NaT38EIhqn+WGP9A=
github.com/xooooooox/arm v0.0.0-20200129093400-5ba4270b16f0/go.mod h1:nh3vEewfUsPTfU7XAz032PkUSLqg6doK0WAk1uwQ3x0=
github.com/xooooooox/sea v0.0.0-20200129095900-28e8c7d85754 h1:1m6PPLLaGawx1aw4kG0ADSqJrBp9xPe1T3/NBIqS1rA=
github.com/xooooooox/sea v0.0.0-20200129095900-28e8c7d85754/go.mod h1:lriXMoFo1/cboavSEaFmzrCBSFEtvXDn97b6iI2Oy2k=
